
Microsoft Visual Studio Solution File, Format Version 12.00
# Visual Studio Version 16
VisualStudioVersion = 16.0.31105.61
MinimumVisualStudioVersion = 10.0.40219.1
Project("{FAE04EC0-301F-11D3-BF4B-00C04F79EFBC}") = "Ludo", "Ludo\Ludo.csproj", "{8957317E-2594-4156-BA57-EC73D0F65E6A}"
EndProject
Project("{FAE04EC0-301F-11D3-BF4B-00C04F79EFBC}") = "TestProject", "TestProject\TestProject.csproj", "{8EED546A-7EE2-4EDB-9CCC-EE6A95AD55D6}"
EndProject
Global
	GlobalSection(SolutionConfigurationPlatforms) = preSolution
		Debug|Any CPU = Debug|Any CPU
		Release|Any CPU = Release|Any CPU
	EndGlobalSection
	GlobalSection(ProjectConfigurationPlatforms) = postSolution
		{8957317E-2594-4156-BA57-EC73D0F65E6A}.Debug|Any CPU.ActiveCfg = Debug|Any CPU
		{8957317E-2594-4156-BA57-EC73D0F65E6A}.Debug|Any CPU.Build.0 = Debug|Any CPU
		{8957317E-2594-4156-BA57-EC73D0F65E6A}.Release|Any CPU.ActiveCfg = Release|Any CPU
		{8957317E-2594-4156-BA57-EC73D0F65E6A}.Release|Any CPU.Build.0 = Release|Any CPU
		{8EED546A-7EE2-4EDB-9CCC-EE6A95AD55D6}.Debug|Any CPU.ActiveCfg = Debug|Any CPU
		{8EED546A-7EE2-4EDB-9CCC-EE6A95AD55D6}.Debug|Any CPU.Build.0 = Debug|Any CPU
		{8EED546A-7EE2-4EDB-9CCC-EE6A95AD55D6}.Release|Any CPU.ActiveCfg = Release|Any CPU
		{8EED546A-7EE2-4EDB-9CCC-EE6A95AD55D6}.Release|Any CPU.Build.0 = Release|Any CPU
	EndGlobalSection
	GlobalSection(SolutionProperties) = preSolution
		HideSolutionNode = FALSE
	EndGlobalSection
	GlobalSection(ExtensibilityGlobals) = postSolution
		SolutionGuid = {0A5CA68D-AB70-4C11-BCCB-562BD5B28C28}
	EndGlobalSection
EndGlobal
